
Microsoft Visual Studio Solution File, Format Version 12.00
# Visual Studio Version 17
VisualStudioVersion = 17.13.36105.23
MinimumVisualStudioVersion = 10.0.40219.1
Project("{FAE04EC0-301F-11D3-BF4B-00C04F79EFBC}") = "ProductsCodeAssessmentRepo", "ProductsCodeAssessmentRepo\ProductsCodeAssessmentRepo.csproj", "{60C5B3B4-F50E-47CB-B54E-B9A52ACAD4E6}"
EndProject
Project("{FAE04EC0-301F-11D3-BF4B-00C04F79EFBC}") = "ProductsCodeAssessmentRepo.UnitTests", "ProductsCodeAssessmentRepo.UnitTests\ProductsCodeAssessmentRepo.UnitTests.csproj", "{7887D4BA-70EE-4A22-98C8-7563D6F53429}"
EndProject
Global
	GlobalSection(SolutionConfigurationPlatforms) = preSolution
		Debug|Any CPU = Debug|Any CPU
		Release|Any CPU = Release|Any CPU
	EndGlobalSection
	GlobalSection(ProjectConfigurationPlatforms) = postSolution
		{60C5B3B4-F50E-47CB-B54E-B9A52ACAD4E6}.Debug|Any CPU.ActiveCfg = Debug|Any CPU
		{60C5B3B4-F50E-47CB-B54E-B9A52ACAD4E6}.Debug|Any CPU.Build.0 = Debug|Any CPU
		{60C5B3B4-F50E-47CB-B54E-B9A52ACAD4E6}.Release|Any CPU.ActiveCfg = Release|Any CPU
		{60C5B3B4-F50E-47CB-B54E-B9A52ACAD4E6}.Release|Any CPU.Build.0 = Release|Any CPU
		{7887D4BA-70EE-4A22-98C8-7563D6F53429}.Debug|Any CPU.ActiveCfg = Debug|Any CPU
		{7887D4BA-70EE-4A22-98C8-7563D6F53429}.Debug|Any CPU.Build.0 = Debug|Any CPU
		{7887D4BA-70EE-4A22-98C8-7563D6F53429}.Release|Any CPU.ActiveCfg = Release|Any CPU
		{7887D4BA-70EE-4A22-98C8-7563D6F53429}.Release|Any CPU.Build.0 = Release|Any CPU
	EndGlobalSection
	GlobalSection(SolutionProperties) = preSolution
		HideSolutionNode = FALSE
	EndGlobalSection
	GlobalSection(ExtensibilityGlobals) = postSolution
		SolutionGuid = {13E4C167-98FA-494C-8C38-330D23F582FB}
	EndGlobalSection
EndGlobal
